<Solution>
  <Folder Name="/src/">
    <Project Path="src/Identity.Api/Identity.Api.csproj" />
    <Project Path="src/Identity.Application/Identity.Application.csproj" />
    <Project Path="src/Identity.Contracts/Identity.Contracts.csproj" />
    <Project Path="src/Identity.Domain/Identity.Domain.csproj" />
    <Project Path="src/Identity.Infrastructure/Identity.Infrastructure.csproj" />
  </Folder>
</Solution>
