<Solution>
    <Folder Name="/src/">
        <Project Path="src/Identity.Api/Identity.Api.csproj"/>
        <Project Path="src/Identity.Application/Identity.Application.csproj"/>
        <Project Path="src/Identity.Contracts/Identity.Contracts.csproj"/>
        <Project Path="src/Identity.Domain/Identity.Domain.csproj"/>
        <Project Path="src/Identity.Infrastructure/Identity.Infrastructure.csproj"/>
    </Folder>
    <Folder Name="/tests/">
        <Project Path="tests/Identity.Application.UnitTests/Identity.Application.UnitTests.csproj"/>
        <Project Path="tests/Identity.Domain.UnitTests/Identity.Domain.UnitTests.csproj"/>
        <Project Path="tests/Identity.TestCommon/Identity.TestCommon.csproj"/>
    </Folder>
</Solution>
